
Microsoft Visual Studio Solution File, Format Version 12.00
# Visual Studio Version 17
VisualStudioVersion = 17.8.34408.163
MinimumVisualStudioVersion = 10.0.40219.1
Project("{FAE04EC0-301F-11D3-BF4B-00C04F79EFBC}") = "GitSamFirstName", "GitSamFirstName.csproj", "{E9E38560-6881-47BB-81DA-4B317EA76B56}"
EndProject
Global
	GlobalSection(SolutionConfigurationPlatforms) = preSolution
		Debug|Any CPU = Debug|Any CPU
		Release|Any CPU = Release|Any CPU
	EndGlobalSection
	GlobalSection(ProjectConfigurationPlatforms) = postSolution
		{E9E38560-6881-47BB-81DA-4B317EA76B56}.Debug|Any CPU.ActiveCfg = Debug|Any CPU
		{E9E38560-6881-47BB-81DA-4B317EA76B56}.Debug|Any CPU.Build.0 = Debug|Any CPU
		{E9E38560-6881-47BB-81DA-4B317EA76B56}.Debug|Any CPU.Deploy.0 = Debug|Any CPU
		{E9E38560-6881-47BB-81DA-4B317EA76B56}.Release|Any CPU.ActiveCfg = Release|Any CPU
		{E9E38560-6881-47BB-81DA-4B317EA76B56}.Release|Any CPU.Build.0 = Release|Any CPU
		{E9E38560-6881-47BB-81DA-4B317EA76B56}.Release|Any CPU.Deploy.0 = Release|Any CPU
	EndGlobalSection
	GlobalSection(SolutionProperties) = preSolution
		HideSolutionNode = FALSE
	EndGlobalSection
	GlobalSection(ExtensibilityGlobals) = postSolution
		SolutionGuid = {02325037-81D4-4822-A185-FFFE8B079088}
	EndGlobalSection
EndGlobal
